
Microsoft Visual Studio Solution File, Format Version 12.00
# Visual Studio 15
VisualStudioVersion = 15.0.28307.902
MinimumVisualStudioVersion = 10.0.40219.1
Project("{FAE04EC0-301F-11D3-BF4B-00C04F79EFBC}") = "QRCodeGenerator", "QRCodeGenerator.csproj", "{5F2FC172-8D5E-4CE0-A906-7D9ABFC80EC0}"
EndProject
Global
	GlobalSection(SolutionConfigurationPlatforms) = preSolution
		Debug|Any CPU = Debug|Any CPU
		Release|Any CPU = Release|Any CPU
	EndGlobalSection
	GlobalSection(ProjectConfigurationPlatforms) = postSolution
		{5F2FC172-8D5E-4CE0-A906-7D9ABFC80EC0}.Debug|Any CPU.ActiveCfg = Debug|Any CPU
		{5F2FC172-8D5E-4CE0-A906-7D9ABFC80EC0}.Debug|Any CPU.Build.0 = Debug|Any CPU
		{5F2FC172-8D5E-4CE0-A906-7D9ABFC80EC0}.Release|Any CPU.ActiveCfg = Release|Any CPU
		{5F2FC172-8D5E-4CE0-A906-7D9ABFC80EC0}.Release|Any CPU.Build.0 = Release|Any CPU
	EndGlobalSection
	GlobalSection(SolutionProperties) = preSolution
		HideSolutionNode = FALSE
	EndGlobalSection
	GlobalSection(ExtensibilityGlobals) = postSolution
		SolutionGuid = {70F7CAC8-664D-4B28-A419-AE00CB4C03B6}
	EndGlobalSection
EndGlobal
